{
  "name": "asteain-local-fig-editor",
  "version": "0.1.0",
  "lockfileVersion": 3,
  "requires": true,
  "packages": {
    "": {
      "name": "asteain-local-fig-editor",
      "version": "0.1.0",
      "dependencies": {
        "fflate": "0.8.3",
        "fzstd": "0.1.1",
        "kiwi-schema": "0.5.0"
      }
    },
    "node_modules/fflate": {
      "version": "0.8.3",
      "resolved": "https://registry.npmjs.org/fflate/-/fflate-0.8.3.tgz",
      "integrity": "sha512-tbZNuJrLwGUp3zshBtdy4W+ORxZuIh8a5ilyIEQDC5rY1f3U20JMry0Ll3WBzU58EZKsEuJFXhb5gwv8CsPvgA=="
    },
    "node_modules/fzstd": {
      "version": "0.1.1",
      "resolved": "https://registry.npmjs.org/fzstd/-/fzstd-0.1.1.tgz",
      "integrity": "sha512-dkuVSOKKwh3eas5VkJy1AW1vFpet8TA/fGmVA5krThl8YcOVE/8ZIoEA1+U1vEn5ckxxhLirSdY837azmbaNHA=="
    },
    "node_modules/kiwi-schema": {
      "version": "0.5.0",
      "resolved": "https://registry.npmjs.org/kiwi-schema/-/kiwi-schema-0.5.0.tgz",
      "integrity": "sha512-X+FpfU0yTEtc6aTHS7VwbOpvQwRt70+pXXWRI5fd6CvWhe7pSVC854TVo4Zo0x5/wwcWj+/9KUlXpdcP0dY9AA==",
      "bin": {
        "kiwic": "cli.js"
      }
    }
  }
}
